
Microsoft Visual Studio Solution File, Format Version 12.00
# Visual Studio Version 16
VisualStudioVersion = 16.0.30320.27
MinimumVisualStudioVersion = 10.0.40219.1
Project("{2150E333-8FDC-42A3-9474-1A3956D46DE8}") = "App", "App", "{833D4F11-C7E2-4B9C-AA1D-8BBF60C312CD}"
EndProject
Project("{2150E333-8FDC-42A3-9474-1A3956D46DE8}") = "Common", "Common", "{C9EDBAAB-7B72-4E38-B33D-EE8D066B16F3}"
EndProject
Project("{2150E333-8FDC-42A3-9474-1A3956D46DE8}") = "Microservices", "Microservices", "{58D3650F-167E-4958-AFF2-AB9734873DEE}"
EndProject
Project("{2150E333-8FDC-42A3-9474-1A3956D46DE8}") = "_IamMicroservice", "_IamMicroservice", "{2EAA9F41-28A9-4128-96DC-57A5DBF74E2B}"
EndProject
Project("{2150E333-8FDC-42A3-9474-1A3956D46DE8}") = "CustomerMicroService", "CustomerMicroService", "{953D2B11-CC9C-4C88-A3F7-A43F8A1AC35E}"
EndProject
Project("{2150E333-8FDC-42A3-9474-1A3956D46DE8}") = "StoreMicroService", "StoreMicroService", "{437595C8-B313-4A01-9D0A-34043369228B}"
EndProject
Project("{2150E333-8FDC-42A3-9474-1A3956D46DE8}") = "ProductMicroService", "ProductMicroService", "{5BB39E0A-73EB-4FAC-A51C-88792F6B9072}"
EndProject
Project("{2150E333-8FDC-42A3-9474-1A3956D46DE8}") = "OrderMicroService", "OrderMicroService", "{6B4431C5-30DE-4CC0-B229-046823A07A0F}"
EndProject
Project("{2150E333-8FDC-42A3-9474-1A3956D46DE8}") = "1-Application", "1-Application", "{734D391A-C05F-4D0B-9ADC-B94FD64F6CE0}"
EndProject
Project("{2150E333-8FDC-42A3-9474-1A3956D46DE8}") = "2-Domain", "2-Domain", "{7F8D1E2C-EDC5-4544-9094-BD93AEDF82E1}"
EndProject
Project("{2150E333-8FDC-42A3-9474-1A3956D46DE8}") = "3-Infrastructure", "3-Infrastructure", "{0FA7D7EC-35ED-43ED-93F9-DBA62EAE0671}"
EndProject
Project("{2150E333-8FDC-42A3-9474-1A3956D46DE8}") = "1-Application", "1-Application", "{D68645D1-C2FA-4F3D-9CC4-A23AD7294A8C}"
EndProject
Project("{2150E333-8FDC-42A3-9474-1A3956D46DE8}") = "1-Application", "1-Application", "{ACB62477-E303-401C-8949-8A622829C6EF}"
EndProject
Project("{2150E333-8FDC-42A3-9474-1A3956D46DE8}") = "1-Application", "1-Application", "{D4109C16-EC2D-45B0-BC8A-A53175185332}"
EndProject
Project("{2150E333-8FDC-42A3-9474-1A3956D46DE8}") = "2-Domain", "2-Domain", "{E5E9DB28-7324-44C4-934B-8559356DBAC4}"
EndProject
Project("{2150E333-8FDC-42A3-9474-1A3956D46DE8}") = "2-Domain", "2-Domain", "{3A3F5CC7-5797-451B-A572-3C83CF54A73F}"
EndProject
Project("{2150E333-8FDC-42A3-9474-1A3956D46DE8}") = "2-Domain", "2-Domain", "{26A06AA0-7556-4367-BFB8-CC3F38DF5E56}"
EndProject
Project("{2150E333-8FDC-42A3-9474-1A3956D46DE8}") = "3-Infrastructure", "3-Infrastructure", "{06F7EAE3-7143-473E-9512-16C02C30FB34}"
EndProject
Project("{2150E333-8FDC-42A3-9474-1A3956D46DE8}") = "3-Infrastructure", "3-Infrastructure", "{D8812BFE-9401-4CDD-AF2C-E45B37448BA0}"
EndProject
Project("{2150E333-8FDC-42A3-9474-1A3956D46DE8}") = "3-Infrastructure", "3-Infrastructure", "{BD73761F-6626-4B0B-A289-8308569B9789}"
EndProject
Project("{9A19103F-16F7-4668-BE54-9A1E7A4F7556}") = "IConsumer.Microservices.CustomerMicroservice.Domain", "IConsumer.Microservices.CustomerMicroservice.Domain\IConsumer.Microservices.CustomerMicroservice.Domain.csproj", "{9A860565-BB2B-42B8-B151-8FA582064FA4}"
EndProject
Project("{9A19103F-16F7-4668-BE54-9A1E7A4F7556}") = "IConsumer.Microservices.OrderMicroservice.Domain", "IConsumer.Microservices.OrderMicroservice.Domain\IConsumer.Microservices.OrderMicroservice.Domain.csproj", "{7A784F29-C005-4128-B363-3437510D028B}"
EndProject
Project("{9A19103F-16F7-4668-BE54-9A1E7A4F7556}") = "IConsumer.Microservices.ProcuctMicroservice.Domain", "IConsumer.Microservices.ProcuctMicroservice.Domain\IConsumer.Microservices.ProcuctMicroservice.Domain.csproj", "{09B96180-C68B-47D7-8511-04AAE8F02CBF}"
EndProject
Project("{9A19103F-16F7-4668-BE54-9A1E7A4F7556}") = "IConsumer.Microservices.StoreMicroservice.Domain", "IConsumer.Microservices.StoreMicroservice.Domain\IConsumer.Microservices.StoreMicroservice.Domain.csproj", "{635F300B-E495-42B7-A6C5-50105CBC5B0D}"
EndProject
Project("{2150E333-8FDC-42A3-9474-1A3956D46DE8}") = "Common", "Common", "{B6D3BBB1-0C0A-4B49-AD6E-7DB5EEAC37B7}"
EndProject
Project("{2150E333-8FDC-42A3-9474-1A3956D46DE8}") = "Domain", "Domain", "{FBF9967A-3FE4-4378-A180-DC85E766AD8D}"
EndProject
Project("{2150E333-8FDC-42A3-9474-1A3956D46DE8}") = "Infrastructure", "Infrastructure", "{6DDC6524-456E-473C-A6C0-17634397CA2C}"
EndProject
Project("{9A19103F-16F7-4668-BE54-9A1E7A4F7556}") = "IConsumer.Microservices.Common.Domain", "IConsumer.Microservices.Common.Domain\IConsumer.Microservices.Common.Domain.csproj", "{9C8D0E20-1EF4-470A-BE5B-F0FC7C83DEE1}"
EndProject
Project("{9A19103F-16F7-4668-BE54-9A1E7A4F7556}") = "IConsumer.Microservices.Common.Infra.DataAccess", "IConsumer.Microservices.Common.Infra.DataAccess\IConsumer.Microservices.Common.Infra.DataAccess.csproj", "{0FB08264-F556-4974-96FF-EB3030A349CD}"
EndProject
Project("{FAE04EC0-301F-11D3-BF4B-00C04F79EFBC}") = "IConsumer.Microservices.CustomerMicroservice.Infra.DataAccess", "IConsumer.Microservices.CustomerMicroservice.Infra.DataAccess\IConsumer.Microservices.CustomerMicroservice.Infra.DataAccess.csproj", "{C676138F-FC3D-4E8A-B53B-EF62EBBEBB19}"
EndProject
Project("{FAE04EC0-301F-11D3-BF4B-00C04F79EFBC}") = "IConsumer.Microservices.CustomerMicroService.Api", "IConsumer.Microservices.CustomerMicroService.Api\IConsumer.Microservices.CustomerMicroService.Api.csproj", "{137CE855-0C75-41F7-9ED3-D5F568D1FA2C}"
EndProject
Project("{FAE04EC0-301F-11D3-BF4B-00C04F79EFBC}") = "IConsumer.Microservices.CustomerMicroservice.CrossCutting", "IConsumer.Microservices.CustomerMicroservice.CrossCutting\IConsumer.Microservices.CustomerMicroservice.CrossCutting.csproj", "{9CE9FB47-6219-46E0-8C2A-DD02394EAF08}"
EndProject
Project("{2150E333-8FDC-42A3-9474-1A3956D46DE8}") = "Application", "Application", "{A15A8DF1-E502-4158-B829-8924B7A86DDC}"
EndProject
Project("{FAE04EC0-301F-11D3-BF4B-00C04F79EFBC}") = "IConsumer.MicroServices.Common.Api", "IConsumer.MicroServices.Common.Api\IConsumer.MicroServices.Common.Api.csproj", "{49A99462-4508-413B-AA1B-48EAE4447BBB}"
EndProject
Global
	GlobalSection(SolutionConfigurationPlatforms) = preSolution
		Debug|Any CPU = Debug|Any CPU
		Release|Any CPU = Release|Any CPU
	EndGlobalSection
	GlobalSection(ProjectConfigurationPlatforms) = postSolution
		{9A860565-BB2B-42B8-B151-8FA582064FA4}.Debug|Any CPU.ActiveCfg = Debug|Any CPU
		{9A860565-BB2B-42B8-B151-8FA582064FA4}.Debug|Any CPU.Build.0 = Debug|Any CPU
		{9A860565-BB2B-42B8-B151-8FA582064FA4}.Release|Any CPU.ActiveCfg = Release|Any CPU
		{9A860565-BB2B-42B8-B151-8FA582064FA4}.Release|Any CPU.Build.0 = Release|Any CPU
		{7A784F29-C005-4128-B363-3437510D028B}.Debug|Any CPU.ActiveCfg = Debug|Any CPU
		{7A784F29-C005-4128-B363-3437510D028B}.Debug|Any CPU.Build.0 = Debug|Any CPU
		{7A784F29-C005-4128-B363-3437510D028B}.Release|Any CPU.ActiveCfg = Release|Any CPU
		{7A784F29-C005-4128-B363-3437510D028B}.Release|Any CPU.Build.0 = Release|Any CPU
		{09B96180-C68B-47D7-8511-04AAE8F02CBF}.Debug|Any CPU.ActiveCfg = Debug|Any CPU
		{09B96180-C68B-47D7-8511-04AAE8F02CBF}.Debug|Any CPU.Build.0 = Debug|Any CPU
		{09B96180-C68B-47D7-8511-04AAE8F02CBF}.Release|Any CPU.ActiveCfg = Release|Any CPU
		{09B96180-C68B-47D7-8511-04AAE8F02CBF}.Release|Any CPU.Build.0 = Release|Any CPU
		{635F300B-E495-42B7-A6C5-50105CBC5B0D}.Debug|Any CPU.ActiveCfg = Debug|Any CPU
		{635F300B-E495-42B7-A6C5-50105CBC5B0D}.Debug|Any CPU.Build.0 = Debug|Any CPU
		{635F300B-E495-42B7-A6C5-50105CBC5B0D}.Release|Any CPU.ActiveCfg = Release|Any CPU
		{635F300B-E495-42B7-A6C5-50105CBC5B0D}.Release|Any CPU.Build.0 = Release|Any CPU
		{9C8D0E20-1EF4-470A-BE5B-F0FC7C83DEE1}.Debug|Any CPU.ActiveCfg = Debug|Any CPU
		{9C8D0E20-1EF4-470A-BE5B-F0FC7C83DEE1}.Debug|Any CPU.Build.0 = Debug|Any CPU
		{9C8D0E20-1EF4-470A-BE5B-F0FC7C83DEE1}.Release|Any CPU.ActiveCfg = Release|Any CPU
		{9C8D0E20-1EF4-470A-BE5B-F0FC7C83DEE1}.Release|Any CPU.Build.0 = Release|Any CPU
		{0FB08264-F556-4974-96FF-EB3030A349CD}.Debug|Any CPU.ActiveCfg = Debug|Any CPU
		{0FB08264-F556-4974-96FF-EB3030A349CD}.Debug|Any CPU.Build.0 = Debug|Any CPU
		{0FB08264-F556-4974-96FF-EB3030A349CD}.Release|Any CPU.ActiveCfg = Release|Any CPU
		{0FB08264-F556-4974-96FF-EB3030A349CD}.Release|Any CPU.Build.0 = Release|Any CPU
		{C676138F-FC3D-4E8A-B53B-EF62EBBEBB19}.Debug|Any CPU.ActiveCfg = Debug|Any CPU
		{C676138F-FC3D-4E8A-B53B-EF62EBBEBB19}.Debug|Any CPU.Build.0 = Debug|Any CPU
		{C676138F-FC3D-4E8A-B53B-EF62EBBEBB19}.Release|Any CPU.ActiveCfg = Release|Any CPU
		{C676138F-FC3D-4E8A-B53B-EF62EBBEBB19}.Release|Any CPU.Build.0 = Release|Any CPU
		{137CE855-0C75-41F7-9ED3-D5F568D1FA2C}.Debug|Any CPU.ActiveCfg = Debug|Any CPU
		{137CE855-0C75-41F7-9ED3-D5F568D1FA2C}.Debug|Any CPU.Build.0 = Debug|Any CPU
		{137CE855-0C75-41F7-9ED3-D5F568D1FA2C}.Release|Any CPU.ActiveCfg = Release|Any CPU
		{137CE855-0C75-41F7-9ED3-D5F568D1FA2C}.Release|Any CPU.Build.0 = Release|Any CPU
		{9CE9FB47-6219-46E0-8C2A-DD02394EAF08}.Debug|Any CPU.ActiveCfg = Debug|Any CPU
		{9CE9FB47-6219-46E0-8C2A-DD02394EAF08}.Debug|Any CPU.Build.0 = Debug|Any CPU
		{9CE9FB47-6219-46E0-8C2A-DD02394EAF08}.Release|Any CPU.ActiveCfg = Release|Any CPU
		{9CE9FB47-6219-46E0-8C2A-DD02394EAF08}.Release|Any CPU.Build.0 = Release|Any CPU
		{49A99462-4508-413B-AA1B-48EAE4447BBB}.Debug|Any CPU.ActiveCfg = Debug|Any CPU
		{49A99462-4508-413B-AA1B-48EAE4447BBB}.Debug|Any CPU.Build.0 = Debug|Any CPU
		{49A99462-4508-413B-AA1B-48EAE4447BBB}.Release|Any CPU.ActiveCfg = Release|Any CPU
		{49A99462-4508-413B-AA1B-48EAE4447BBB}.Release|Any CPU.Build.0 = Release|Any CPU
	EndGlobalSection
	GlobalSection(SolutionProperties) = preSolution
		HideSolutionNode = FALSE
	EndGlobalSection
	GlobalSection(NestedProjects) = preSolution
		{2EAA9F41-28A9-4128-96DC-57A5DBF74E2B} = {58D3650F-167E-4958-AFF2-AB9734873DEE}
		{953D2B11-CC9C-4C88-A3F7-A43F8A1AC35E} = {58D3650F-167E-4958-AFF2-AB9734873DEE}
		{437595C8-B313-4A01-9D0A-34043369228B} = {58D3650F-167E-4958-AFF2-AB9734873DEE}
		{5BB39E0A-73EB-4FAC-A51C-88792F6B9072} = {58D3650F-167E-4958-AFF2-AB9734873DEE}
		{6B4431C5-30DE-4CC0-B229-046823A07A0F} = {58D3650F-167E-4958-AFF2-AB9734873DEE}
		{734D391A-C05F-4D0B-9ADC-B94FD64F6CE0} = {953D2B11-CC9C-4C88-A3F7-A43F8A1AC35E}
		{7F8D1E2C-EDC5-4544-9094-BD93AEDF82E1} = {953D2B11-CC9C-4C88-A3F7-A43F8A1AC35E}
		{0FA7D7EC-35ED-43ED-93F9-DBA62EAE0671} = {953D2B11-CC9C-4C88-A3F7-A43F8A1AC35E}
		{D68645D1-C2FA-4F3D-9CC4-A23AD7294A8C} = {6B4431C5-30DE-4CC0-B229-046823A07A0F}
		{ACB62477-E303-401C-8949-8A622829C6EF} = {5BB39E0A-73EB-4FAC-A51C-88792F6B9072}
		{D4109C16-EC2D-45B0-BC8A-A53175185332} = {437595C8-B313-4A01-9D0A-34043369228B}
		{E5E9DB28-7324-44C4-934B-8559356DBAC4} = {6B4431C5-30DE-4CC0-B229-046823A07A0F}
		{3A3F5CC7-5797-451B-A572-3C83CF54A73F} = {5BB39E0A-73EB-4FAC-A51C-88792F6B9072}
		{26A06AA0-7556-4367-BFB8-CC3F38DF5E56} = {437595C8-B313-4A01-9D0A-34043369228B}
		{06F7EAE3-7143-473E-9512-16C02C30FB34} = {6B4431C5-30DE-4CC0-B229-046823A07A0F}
		{D8812BFE-9401-4CDD-AF2C-E45B37448BA0} = {5BB39E0A-73EB-4FAC-A51C-88792F6B9072}
		{BD73761F-6626-4B0B-A289-8308569B9789} = {437595C8-B313-4A01-9D0A-34043369228B}
		{9A860565-BB2B-42B8-B151-8FA582064FA4} = {7F8D1E2C-EDC5-4544-9094-BD93AEDF82E1}
		{7A784F29-C005-4128-B363-3437510D028B} = {E5E9DB28-7324-44C4-934B-8559356DBAC4}
		{09B96180-C68B-47D7-8511-04AAE8F02CBF} = {3A3F5CC7-5797-451B-A572-3C83CF54A73F}
		{635F300B-E495-42B7-A6C5-50105CBC5B0D} = {26A06AA0-7556-4367-BFB8-CC3F38DF5E56}
		{B6D3BBB1-0C0A-4B49-AD6E-7DB5EEAC37B7} = {58D3650F-167E-4958-AFF2-AB9734873DEE}
		{FBF9967A-3FE4-4378-A180-DC85E766AD8D} = {B6D3BBB1-0C0A-4B49-AD6E-7DB5EEAC37B7}
		{6DDC6524-456E-473C-A6C0-17634397CA2C} = {B6D3BBB1-0C0A-4B49-AD6E-7DB5EEAC37B7}
		{9C8D0E20-1EF4-470A-BE5B-F0FC7C83DEE1} = {FBF9967A-3FE4-4378-A180-DC85E766AD8D}
		{0FB08264-F556-4974-96FF-EB3030A349CD} = {6DDC6524-456E-473C-A6C0-17634397CA2C}
		{C676138F-FC3D-4E8A-B53B-EF62EBBEBB19} = {0FA7D7EC-35ED-43ED-93F9-DBA62EAE0671}
		{137CE855-0C75-41F7-9ED3-D5F568D1FA2C} = {734D391A-C05F-4D0B-9ADC-B94FD64F6CE0}
		{9CE9FB47-6219-46E0-8C2A-DD02394EAF08} = {0FA7D7EC-35ED-43ED-93F9-DBA62EAE0671}
		{A15A8DF1-E502-4158-B829-8924B7A86DDC} = {B6D3BBB1-0C0A-4B49-AD6E-7DB5EEAC37B7}
		{49A99462-4508-413B-AA1B-48EAE4447BBB} = {A15A8DF1-E502-4158-B829-8924B7A86DDC}
	EndGlobalSection
	GlobalSection(ExtensibilityGlobals) = postSolution
		SolutionGuid = {285D8B8A-ECDA-4959-AD8F-0DED65D860B4}
	EndGlobalSection
EndGlobal
