
Microsoft Visual Studio Solution File, Format Version 12.00
# Visual Studio Version 16
VisualStudioVersion = 16.0.30320.27
MinimumVisualStudioVersion = 10.0.40219.1
Project("{2150E333-8FDC-42A3-9474-1A3956D46DE8}") = "App", "App", "{833D4F11-C7E2-4B9C-AA1D-8BBF60C312CD}"
EndProject
Project("{2150E333-8FDC-42A3-9474-1A3956D46DE8}") = "Common", "Common", "{C9EDBAAB-7B72-4E38-B33D-EE8D066B16F3}"
EndProject
Project("{2150E333-8FDC-42A3-9474-1A3956D46DE8}") = "Microservices", "Microservices", "{58D3650F-167E-4958-AFF2-AB9734873DEE}"
EndProject
Project("{2150E333-8FDC-42A3-9474-1A3956D46DE8}") = "CustomerMicroService", "CustomerMicroService", "{953D2B11-CC9C-4C88-A3F7-A43F8A1AC35E}"
EndProject
Project("{2150E333-8FDC-42A3-9474-1A3956D46DE8}") = "StoreMicroService", "StoreMicroService", "{437595C8-B313-4A01-9D0A-34043369228B}"
EndProject
Project("{2150E333-8FDC-42A3-9474-1A3956D46DE8}") = "ProductMicroService", "ProductMicroService", "{5BB39E0A-73EB-4FAC-A51C-88792F6B9072}"
EndProject
Project("{2150E333-8FDC-42A3-9474-1A3956D46DE8}") = "OrderMicroService", "OrderMicroService", "{6B4431C5-30DE-4CC0-B229-046823A07A0F}"
EndProject
Project("{2150E333-8FDC-42A3-9474-1A3956D46DE8}") = "1-Application", "1-Application", "{734D391A-C05F-4D0B-9ADC-B94FD64F6CE0}"
EndProject
Project("{2150E333-8FDC-42A3-9474-1A3956D46DE8}") = "2-Domain", "2-Domain", "{7F8D1E2C-EDC5-4544-9094-BD93AEDF82E1}"
EndProject
Project("{2150E333-8FDC-42A3-9474-1A3956D46DE8}") = "3-Infrastructure", "3-Infrastructure", "{0FA7D7EC-35ED-43ED-93F9-DBA62EAE0671}"
EndProject
Project("{2150E333-8FDC-42A3-9474-1A3956D46DE8}") = "1-Application", "1-Application", "{D68645D1-C2FA-4F3D-9CC4-A23AD7294A8C}"
EndProject
Project("{2150E333-8FDC-42A3-9474-1A3956D46DE8}") = "1-Application", "1-Application", "{ACB62477-E303-401C-8949-8A622829C6EF}"
EndProject
Project("{2150E333-8FDC-42A3-9474-1A3956D46DE8}") = "1-Application", "1-Application", "{D4109C16-EC2D-45B0-BC8A-A53175185332}"
EndProject
Project("{2150E333-8FDC-42A3-9474-1A3956D46DE8}") = "2-Domain", "2-Domain", "{E5E9DB28-7324-44C4-934B-8559356DBAC4}"
EndProject
Project("{2150E333-8FDC-42A3-9474-1A3956D46DE8}") = "2-Domain", "2-Domain", "{3A3F5CC7-5797-451B-A572-3C83CF54A73F}"
EndProject
Project("{2150E333-8FDC-42A3-9474-1A3956D46DE8}") = "2-Domain", "2-Domain", "{26A06AA0-7556-4367-BFB8-CC3F38DF5E56}"
EndProject
Project("{2150E333-8FDC-42A3-9474-1A3956D46DE8}") = "3-Infrastructure", "3-Infrastructure", "{06F7EAE3-7143-473E-9512-16C02C30FB34}"
EndProject
Project("{2150E333-8FDC-42A3-9474-1A3956D46DE8}") = "3-Infrastructure", "3-Infrastructure", "{D8812BFE-9401-4CDD-AF2C-E45B37448BA0}"
EndProject
Project("{2150E333-8FDC-42A3-9474-1A3956D46DE8}") = "3-Infrastructure", "3-Infrastructure", "{BD73761F-6626-4B0B-A289-8308569B9789}"
EndProject
Project("{9A19103F-16F7-4668-BE54-9A1E7A4F7556}") = "IConsumer.Microservices.CustomerMicroservice.Domain", "IConsumer.Microservices.CustomerMicroservice.Domain\IConsumer.Microservices.CustomerMicroservice.Domain.csproj", "{9A860565-BB2B-42B8-B151-8FA582064FA4}"
EndProject
Project("{9A19103F-16F7-4668-BE54-9A1E7A4F7556}") = "IConsumer.Microservices.OrderMicroservice.Domain", "IConsumer.Microservices.OrderMicroservice.Domain\IConsumer.Microservices.OrderMicroservice.Domain.csproj", "{7A784F29-C005-4128-B363-3437510D028B}"
EndProject
Project("{9A19103F-16F7-4668-BE54-9A1E7A4F7556}") = "IConsumer.Microservices.ProcuctMicroservice.Domain", "IConsumer.Microservices.ProcuctMicroservice.Domain\IConsumer.Microservices.ProcuctMicroservice.Domain.csproj", "{09B96180-C68B-47D7-8511-04AAE8F02CBF}"
EndProject
Project("{9A19103F-16F7-4668-BE54-9A1E7A4F7556}") = "IConsumer.Microservices.StoreMicroservice.Domain", "IConsumer.Microservices.StoreMicroservice.Domain\IConsumer.Microservices.StoreMicroservice.Domain.csproj", "{635F300B-E495-42B7-A6C5-50105CBC5B0D}"
EndProject
Project("{2150E333-8FDC-42A3-9474-1A3956D46DE8}") = "Domain", "Domain", "{FBF9967A-3FE4-4378-A180-DC85E766AD8D}"
EndProject
Project("{2150E333-8FDC-42A3-9474-1A3956D46DE8}") = "Infrastructure", "Infrastructure", "{6DDC6524-456E-473C-A6C0-17634397CA2C}"
EndProject
Project("{9A19103F-16F7-4668-BE54-9A1E7A4F7556}") = "IConsumer.Microservices.Common.Domain", "IConsumer.Microservices.Common.Domain\IConsumer.Microservices.Common.Domain.csproj", "{9C8D0E20-1EF4-470A-BE5B-F0FC7C83DEE1}"
EndProject
Project("{9A19103F-16F7-4668-BE54-9A1E7A4F7556}") = "IConsumer.Microservices.Common.Infra.DataAccess", "IConsumer.Microservices.Common.Infra.DataAccess\IConsumer.Microservices.Common.Infra.DataAccess.csproj", "{0FB08264-F556-4974-96FF-EB3030A349CD}"
EndProject
Project("{9A19103F-16F7-4668-BE54-9A1E7A4F7556}") = "IConsumer.Microservices.CustomerMicroservice.Infra.DataAccess", "IConsumer.Microservices.CustomerMicroservice.Infra.DataAccess\IConsumer.Microservices.CustomerMicroservice.Infra.DataAccess.csproj", "{C676138F-FC3D-4E8A-B53B-EF62EBBEBB19}"
EndProject
Project("{9A19103F-16F7-4668-BE54-9A1E7A4F7556}") = "IConsumer.Microservices.CustomerMicroService.Api", "IConsumer.Microservices.CustomerMicroService.Api\IConsumer.Microservices.CustomerMicroService.Api.csproj", "{137CE855-0C75-41F7-9ED3-D5F568D1FA2C}"
EndProject
Project("{9A19103F-16F7-4668-BE54-9A1E7A4F7556}") = "IConsumer.Microservices.CustomerMicroservice.CrossCutting", "IConsumer.Microservices.CustomerMicroservice.CrossCutting\IConsumer.Microservices.CustomerMicroservice.CrossCutting.csproj", "{9CE9FB47-6219-46E0-8C2A-DD02394EAF08}"
EndProject
Project("{2150E333-8FDC-42A3-9474-1A3956D46DE8}") = "Application", "Application", "{A15A8DF1-E502-4158-B829-8924B7A86DDC}"
EndProject
Project("{9A19103F-16F7-4668-BE54-9A1E7A4F7556}") = "IConsumer.MicroServices.Common.Api", "IConsumer.MicroServices.Common.Api\IConsumer.MicroServices.Common.Api.csproj", "{49A99462-4508-413B-AA1B-48EAE4447BBB}"
EndProject
Project("{9A19103F-16F7-4668-BE54-9A1E7A4F7556}") = "IConsumer.Microservices.StoreMicroservice.CrossCutting", "IConsumer.Microservices.StoreMicroservice.CrossCutting\IConsumer.Microservices.StoreMicroservice.CrossCutting.csproj", "{BD8F6CB4-DF14-417A-BA4E-E7EA8D77C8E2}"
EndProject
Project("{9A19103F-16F7-4668-BE54-9A1E7A4F7556}") = "IConsumer.Microservices.StoreMicroservice.Infra.DataAccess", "IConsumer.Microservices.StoreMicroservice.Infra.DataAccess\IConsumer.Microservices.StoreMicroservice.Infra.DataAccess.csproj", "{FCEA7045-75C7-41EE-98B9-12BB11C7D2E9}"
EndProject
Project("{9A19103F-16F7-4668-BE54-9A1E7A4F7556}") = "IConsumer.Microservices.StoreMicroService.Api", "IConsumer.Microservices.StoreMicroService.Api\IConsumer.Microservices.StoreMicroService.Api.csproj", "{9BA62EC6-A43D-41A5-8CE1-858E222517EB}"
EndProject
Project("{9A19103F-16F7-4668-BE54-9A1E7A4F7556}") = "IConsumer.Microservices.ProductMicroservice.CrossCutting", "IConsumer.Microservices.ProductMicroservice.CrossCutting\IConsumer.Microservices.ProductMicroservice.CrossCutting.csproj", "{E4359F96-3D14-499E-ABD5-A2FFD8B37146}"
EndProject
Project("{9A19103F-16F7-4668-BE54-9A1E7A4F7556}") = "IConsumer.Microservices.ProductMicroservice.Infra.DataAccess", "IConsumer.Microservices.ProductMicroservice.Infra.DataAccess\IConsumer.Microservices.ProductMicroservice.Infra.DataAccess.csproj", "{D6CBAC8D-B87A-48CE-93CE-C67340DA560E}"
EndProject
Project("{9A19103F-16F7-4668-BE54-9A1E7A4F7556}") = "IConsumer.Microservices.ProductMicroservice.Api", "IConsumer.Microservices.ProductMicroservice.Api\IConsumer.Microservices.ProductMicroservice.Api.csproj", "{B8E96A80-D9D6-46C6-9F2C-D9DCEF51C584}"
EndProject
Project("{9A19103F-16F7-4668-BE54-9A1E7A4F7556}") = "IConsumer.Microservices.OrderMicroservice.CrossCutting", "IConsumer.Microservices.OrderMicroservice.CrossCutting\IConsumer.Microservices.OrderMicroservice.CrossCutting.csproj", "{FA35011E-3B74-4C17-8DF5-A7B63BF926E4}"
EndProject
Project("{9A19103F-16F7-4668-BE54-9A1E7A4F7556}") = "IConsumer.Microservices.OrderMicroservice.Infra.DataAccess", "IConsumer.Microservices.OrderMicroservice.Infra.DataAccess\IConsumer.Microservices.OrderMicroservice.Infra.DataAccess.csproj", "{A818E746-9FDE-4215-B88A-EB75390F2B3A}"
EndProject
Project("{2150E333-8FDC-42A3-9474-1A3956D46DE8}") = "PaymentMicroService", "PaymentMicroService", "{EF9FACC3-1735-41C5-9D5A-C7D0AA152C1B}"
EndProject
Project("{2150E333-8FDC-42A3-9474-1A3956D46DE8}") = "1-Application", "1-Application", "{2C3150E3-CA7F-4E9D-AE1A-1F32F9B2C7AB}"
EndProject
Project("{2150E333-8FDC-42A3-9474-1A3956D46DE8}") = "2-Domain", "2-Domain", "{A74974E9-5D83-4BA7-9CAB-4ED1149E90CF}"
EndProject
Project("{2150E333-8FDC-42A3-9474-1A3956D46DE8}") = "3-Infrastructure", "3-Infrastructure", "{03A3AD72-6DE8-4709-BBA5-5BC2B9A0D7A2}"
EndProject
Project("{9A19103F-16F7-4668-BE54-9A1E7A4F7556}") = "IConsumer.Microservices.PaymentMicroservice.Api", "IConsumer.Microservices.PaymentMicroservice.Api\IConsumer.Microservices.PaymentMicroservice.Api.csproj", "{E8A2E956-335A-45CF-8A85-1C38D97C2F0E}"
EndProject
Project("{9A19103F-16F7-4668-BE54-9A1E7A4F7556}") = "IConsumer.Microservices.PaymentMicroservice.Domain", "IConsumer.Microservices.PaymentMicroservice.Domain\IConsumer.Microservices.PaymentMicroservice.Domain.csproj", "{4FC766A7-0619-468E-99FD-A0F29425B7C7}"
EndProject
Project("{9A19103F-16F7-4668-BE54-9A1E7A4F7556}") = "IConsumer.Microservices.IamMicroservice.Admin.EntityFramework.SqlServer", "IConsumer.Microservices.IamMicroservice.Admin.EntityFramework.SqlServer\IConsumer.Microservices.IamMicroservice.Admin.EntityFramework.SqlServer.csproj", "{1B404203-19CD-40BB-938A-5C32F97857D9}"
EndProject
Project("{9A19103F-16F7-4668-BE54-9A1E7A4F7556}") = "IConsumer.Microservices.IamMicroservice.Admin.EntityFramework.Shared", "IConsumer.Microservices.IamMicroservice.Admin.EntityFramework.Shared\IConsumer.Microservices.IamMicroservice.Admin.EntityFramework.Shared.csproj", "{BBA8F8B6-957A-45DC-ADE4-00E5B5E0A67F}"
EndProject
Project("{9A19103F-16F7-4668-BE54-9A1E7A4F7556}") = "IConsumer.Microservices.IamMicroservice.Admin.EntityFramework.PostgreSQL", "IConsumer.Microservices.IamMicroservice.Admin.EntityFramework.PostgreSQL\IConsumer.Microservices.IamMicroservice.Admin.EntityFramework.PostgreSQL.csproj", "{99EB7448-7A5F-42EE-9683-368B675ACED3}"
EndProject
Project("{9A19103F-16F7-4668-BE54-9A1E7A4F7556}") = "IConsumer.Microservices.IamMicroservice.Admin.EntityFramework.MySql", "IConsumer.Microservices.IamMicroservice.Admin.EntityFramework.MySql\IConsumer.Microservices.IamMicroservice.Admin.EntityFramework.MySql.csproj", "{219D6D33-59B5-4567-BC23-7AC30BFD28D4}"
EndProject
Project("{9A19103F-16F7-4668-BE54-9A1E7A4F7556}") = "IConsumer.Microservices.IamMicroservice.STS.Identity", "IConsumer.Microservices.IamMicroservice.STS.Identity\IConsumer.Microservices.IamMicroservice.STS.Identity.csproj", "{F0E698FB-9D35-49A0-BE2A-1DB29258EDF3}"
EndProject
Project("{9A19103F-16F7-4668-BE54-9A1E7A4F7556}") = "IConsumer.Microservices.IamMicroservice.Admin.Api", "IConsumer.Microservices.IamMicroservice.Admin.Api\IConsumer.Microservices.IamMicroservice.Admin.Api.csproj", "{BCBF4124-8A18-4D07-B80C-10058FAC0632}"
EndProject
Project("{2150E333-8FDC-42A3-9474-1A3956D46DE8}") = "IamMicroservice", "IamMicroservice", "{603F428D-E1F6-4987-863F-F68333008AD3}"
EndProject
Project("{9A19103F-16F7-4668-BE54-9A1E7A4F7556}") = "IConsumer.Microservices.IamMicroservice.Admin", "IConsumer.Microservices.IamMicroservice.Admin\IConsumer.Microservices.IamMicroservice.Admin.csproj", "{C8050C4C-609B-4FEF-A98F-09B83DD211FB}"
EndProject
Project("{9A19103F-16F7-4668-BE54-9A1E7A4F7556}") = "IConsumer.MicroServices.OrderMicroservice.Api", "IConsumer.MicroServices.OrderMicroservice.Api\IConsumer.MicroServices.OrderMicroservice.Api.csproj", "{6986AB8B-8807-4605-A41F-439046E88B4B}"
EndProject
Project("{2150E333-8FDC-42A3-9474-1A3956D46DE8}") = "0-Services", "0-Services", "{C209D27E-6CEF-47D9-927E-C136A3B5A3CD}"
EndProject
Project("{9A19103F-16F7-4668-BE54-9A1E7A4F7556}") = "IConsumer.MicroServices.Common.Application", "IConsumer.MicroServices.Common.Application\IConsumer.MicroServices.Common.Application.csproj", "{31137CC7-4B06-4749-AF08-D17FF910FD07}"
EndProject
Project("{9A19103F-16F7-4668-BE54-9A1E7A4F7556}") = "IConsumer.MicroServices.OrderMicroservice.Application", "IConsumer.MicroServices.OrderMicroservice.Application\IConsumer.MicroServices.OrderMicroservice.Application.csproj", "{CF4F3D50-ED83-44CA-B30E-53E7C3DE1B3F}"
EndProject
Project("{9A19103F-16F7-4668-BE54-9A1E7A4F7556}") = "IConsumer.MicroServices.OrderMicroservice.OrderWorker", "IConsumer.MicroServices.OrderMicroservice.OrderWorker\IConsumer.MicroServices.OrderMicroservice.OrderWorker.csproj", "{EF943102-AE44-421B-8866-8F19F00D9278}"
EndProject
Project("{FAE04EC0-301F-11D3-BF4B-00C04F79EFBC}") = "IConsumer.Microservices.Common.Infra.Messaging", "IConsumer.Microservices.Common.Infra.Messaging\IConsumer.Microservices.Common.Infra.Messaging.csproj", "{8E64F199-6D2B-4120-81EE-E29F6B232534}"
EndProject
Project("{FAE04EC0-301F-11D3-BF4B-00C04F79EFBC}") = "IConsumer.Microservices.Common.Infra.Helper", "IConsumer.Microservices.Common.Infra.Helper\IConsumer.Microservices.Common.Infra.Helper.csproj", "{5FF2FB54-1F58-4F2D-BBD1-B2F9EE5E01C1}"
EndProject
Global
	GlobalSection(SolutionConfigurationPlatforms) = preSolution
		Debug|Any CPU = Debug|Any CPU
		Release|Any CPU = Release|Any CPU
	EndGlobalSection
	GlobalSection(ProjectConfigurationPlatforms) = postSolution
		{9A860565-BB2B-42B8-B151-8FA582064FA4}.Debug|Any CPU.ActiveCfg = Debug|Any CPU
		{9A860565-BB2B-42B8-B151-8FA582064FA4}.Debug|Any CPU.Build.0 = Debug|Any CPU
		{9A860565-BB2B-42B8-B151-8FA582064FA4}.Release|Any CPU.ActiveCfg = Release|Any CPU
		{9A860565-BB2B-42B8-B151-8FA582064FA4}.Release|Any CPU.Build.0 = Release|Any CPU
		{7A784F29-C005-4128-B363-3437510D028B}.Debug|Any CPU.ActiveCfg = Debug|Any CPU
		{7A784F29-C005-4128-B363-3437510D028B}.Debug|Any CPU.Build.0 = Debug|Any CPU
		{7A784F29-C005-4128-B363-3437510D028B}.Release|Any CPU.ActiveCfg = Release|Any CPU
		{7A784F29-C005-4128-B363-3437510D028B}.Release|Any CPU.Build.0 = Release|Any CPU
		{09B96180-C68B-47D7-8511-04AAE8F02CBF}.Debug|Any CPU.ActiveCfg = Debug|Any CPU
		{09B96180-C68B-47D7-8511-04AAE8F02CBF}.Debug|Any CPU.Build.0 = Debug|Any CPU
		{09B96180-C68B-47D7-8511-04AAE8F02CBF}.Release|Any CPU.ActiveCfg = Release|Any CPU
		{09B96180-C68B-47D7-8511-04AAE8F02CBF}.Release|Any CPU.Build.0 = Release|Any CPU
		{635F300B-E495-42B7-A6C5-50105CBC5B0D}.Debug|Any CPU.ActiveCfg = Debug|Any CPU
		{635F300B-E495-42B7-A6C5-50105CBC5B0D}.Debug|Any CPU.Build.0 = Debug|Any CPU
		{635F300B-E495-42B7-A6C5-50105CBC5B0D}.Release|Any CPU.ActiveCfg = Release|Any CPU
		{635F300B-E495-42B7-A6C5-50105CBC5B0D}.Release|Any CPU.Build.0 = Release|Any CPU
		{9C8D0E20-1EF4-470A-BE5B-F0FC7C83DEE1}.Debug|Any CPU.ActiveCfg = Debug|Any CPU
		{9C8D0E20-1EF4-470A-BE5B-F0FC7C83DEE1}.Debug|Any CPU.Build.0 = Debug|Any CPU
		{9C8D0E20-1EF4-470A-BE5B-F0FC7C83DEE1}.Release|Any CPU.ActiveCfg = Release|Any CPU
		{9C8D0E20-1EF4-470A-BE5B-F0FC7C83DEE1}.Release|Any CPU.Build.0 = Release|Any CPU
		{0FB08264-F556-4974-96FF-EB3030A349CD}.Debug|Any CPU.ActiveCfg = Debug|Any CPU
		{0FB08264-F556-4974-96FF-EB3030A349CD}.Debug|Any CPU.Build.0 = Debug|Any CPU
		{0FB08264-F556-4974-96FF-EB3030A349CD}.Release|Any CPU.ActiveCfg = Release|Any CPU
		{0FB08264-F556-4974-96FF-EB3030A349CD}.Release|Any CPU.Build.0 = Release|Any CPU
		{C676138F-FC3D-4E8A-B53B-EF62EBBEBB19}.Debug|Any CPU.ActiveCfg = Debug|Any CPU
		{C676138F-FC3D-4E8A-B53B-EF62EBBEBB19}.Debug|Any CPU.Build.0 = Debug|Any CPU
		{C676138F-FC3D-4E8A-B53B-EF62EBBEBB19}.Release|Any CPU.ActiveCfg = Release|Any CPU
		{C676138F-FC3D-4E8A-B53B-EF62EBBEBB19}.Release|Any CPU.Build.0 = Release|Any CPU
		{137CE855-0C75-41F7-9ED3-D5F568D1FA2C}.Debug|Any CPU.ActiveCfg = Debug|Any CPU
		{137CE855-0C75-41F7-9ED3-D5F568D1FA2C}.Debug|Any CPU.Build.0 = Debug|Any CPU
		{137CE855-0C75-41F7-9ED3-D5F568D1FA2C}.Release|Any CPU.ActiveCfg = Release|Any CPU
		{137CE855-0C75-41F7-9ED3-D5F568D1FA2C}.Release|Any CPU.Build.0 = Release|Any CPU
		{9CE9FB47-6219-46E0-8C2A-DD02394EAF08}.Debug|Any CPU.ActiveCfg = Debug|Any CPU
		{9CE9FB47-6219-46E0-8C2A-DD02394EAF08}.Debug|Any CPU.Build.0 = Debug|Any CPU
		{9CE9FB47-6219-46E0-8C2A-DD02394EAF08}.Release|Any CPU.ActiveCfg = Release|Any CPU
		{9CE9FB47-6219-46E0-8C2A-DD02394EAF08}.Release|Any CPU.Build.0 = Release|Any CPU
		{49A99462-4508-413B-AA1B-48EAE4447BBB}.Debug|Any CPU.ActiveCfg = Debug|Any CPU
		{49A99462-4508-413B-AA1B-48EAE4447BBB}.Debug|Any CPU.Build.0 = Debug|Any CPU
		{49A99462-4508-413B-AA1B-48EAE4447BBB}.Release|Any CPU.ActiveCfg = Release|Any CPU
		{49A99462-4508-413B-AA1B-48EAE4447BBB}.Release|Any CPU.Build.0 = Release|Any CPU
		{BD8F6CB4-DF14-417A-BA4E-E7EA8D77C8E2}.Debug|Any CPU.ActiveCfg = Debug|Any CPU
		{BD8F6CB4-DF14-417A-BA4E-E7EA8D77C8E2}.Debug|Any CPU.Build.0 = Debug|Any CPU
		{BD8F6CB4-DF14-417A-BA4E-E7EA8D77C8E2}.Release|Any CPU.ActiveCfg = Release|Any CPU
		{BD8F6CB4-DF14-417A-BA4E-E7EA8D77C8E2}.Release|Any CPU.Build.0 = Release|Any CPU
		{FCEA7045-75C7-41EE-98B9-12BB11C7D2E9}.Debug|Any CPU.ActiveCfg = Debug|Any CPU
		{FCEA7045-75C7-41EE-98B9-12BB11C7D2E9}.Debug|Any CPU.Build.0 = Debug|Any CPU
		{FCEA7045-75C7-41EE-98B9-12BB11C7D2E9}.Release|Any CPU.ActiveCfg = Release|Any CPU
		{FCEA7045-75C7-41EE-98B9-12BB11C7D2E9}.Release|Any CPU.Build.0 = Release|Any CPU
		{9BA62EC6-A43D-41A5-8CE1-858E222517EB}.Debug|Any CPU.ActiveCfg = Debug|Any CPU
		{9BA62EC6-A43D-41A5-8CE1-858E222517EB}.Debug|Any CPU.Build.0 = Debug|Any CPU
		{9BA62EC6-A43D-41A5-8CE1-858E222517EB}.Release|Any CPU.ActiveCfg = Release|Any CPU
		{9BA62EC6-A43D-41A5-8CE1-858E222517EB}.Release|Any CPU.Build.0 = Release|Any CPU
		{E4359F96-3D14-499E-ABD5-A2FFD8B37146}.Debug|Any CPU.ActiveCfg = Debug|Any CPU
		{E4359F96-3D14-499E-ABD5-A2FFD8B37146}.Debug|Any CPU.Build.0 = Debug|Any CPU
		{E4359F96-3D14-499E-ABD5-A2FFD8B37146}.Release|Any CPU.ActiveCfg = Release|Any CPU
		{E4359F96-3D14-499E-ABD5-A2FFD8B37146}.Release|Any CPU.Build.0 = Release|Any CPU
		{D6CBAC8D-B87A-48CE-93CE-C67340DA560E}.Debug|Any CPU.ActiveCfg = Debug|Any CPU
		{D6CBAC8D-B87A-48CE-93CE-C67340DA560E}.Debug|Any CPU.Build.0 = Debug|Any CPU
		{D6CBAC8D-B87A-48CE-93CE-C67340DA560E}.Release|Any CPU.ActiveCfg = Release|Any CPU
		{D6CBAC8D-B87A-48CE-93CE-C67340DA560E}.Release|Any CPU.Build.0 = Release|Any CPU
		{B8E96A80-D9D6-46C6-9F2C-D9DCEF51C584}.Debug|Any CPU.ActiveCfg = Debug|Any CPU
		{B8E96A80-D9D6-46C6-9F2C-D9DCEF51C584}.Debug|Any CPU.Build.0 = Debug|Any CPU
		{B8E96A80-D9D6-46C6-9F2C-D9DCEF51C584}.Release|Any CPU.ActiveCfg = Release|Any CPU
		{B8E96A80-D9D6-46C6-9F2C-D9DCEF51C584}.Release|Any CPU.Build.0 = Release|Any CPU
		{FA35011E-3B74-4C17-8DF5-A7B63BF926E4}.Debug|Any CPU.ActiveCfg = Debug|Any CPU
		{FA35011E-3B74-4C17-8DF5-A7B63BF926E4}.Debug|Any CPU.Build.0 = Debug|Any CPU
		{FA35011E-3B74-4C17-8DF5-A7B63BF926E4}.Release|Any CPU.ActiveCfg = Release|Any CPU
		{FA35011E-3B74-4C17-8DF5-A7B63BF926E4}.Release|Any CPU.Build.0 = Release|Any CPU
		{A818E746-9FDE-4215-B88A-EB75390F2B3A}.Debug|Any CPU.ActiveCfg = Debug|Any CPU
		{A818E746-9FDE-4215-B88A-EB75390F2B3A}.Debug|Any CPU.Build.0 = Debug|Any CPU
		{A818E746-9FDE-4215-B88A-EB75390F2B3A}.Release|Any CPU.ActiveCfg = Release|Any CPU
		{A818E746-9FDE-4215-B88A-EB75390F2B3A}.Release|Any CPU.Build.0 = Release|Any CPU
		{E8A2E956-335A-45CF-8A85-1C38D97C2F0E}.Debug|Any CPU.ActiveCfg = Debug|Any CPU
		{E8A2E956-335A-45CF-8A85-1C38D97C2F0E}.Debug|Any CPU.Build.0 = Debug|Any CPU
		{E8A2E956-335A-45CF-8A85-1C38D97C2F0E}.Release|Any CPU.ActiveCfg = Release|Any CPU
		{E8A2E956-335A-45CF-8A85-1C38D97C2F0E}.Release|Any CPU.Build.0 = Release|Any CPU
		{4FC766A7-0619-468E-99FD-A0F29425B7C7}.Debug|Any CPU.ActiveCfg = Debug|Any CPU
		{4FC766A7-0619-468E-99FD-A0F29425B7C7}.Debug|Any CPU.Build.0 = Debug|Any CPU
		{4FC766A7-0619-468E-99FD-A0F29425B7C7}.Release|Any CPU.ActiveCfg = Release|Any CPU
		{4FC766A7-0619-468E-99FD-A0F29425B7C7}.Release|Any CPU.Build.0 = Release|Any CPU
		{1B404203-19CD-40BB-938A-5C32F97857D9}.Debug|Any CPU.ActiveCfg = Debug|Any CPU
		{1B404203-19CD-40BB-938A-5C32F97857D9}.Debug|Any CPU.Build.0 = Debug|Any CPU
		{1B404203-19CD-40BB-938A-5C32F97857D9}.Release|Any CPU.ActiveCfg = Release|Any CPU
		{1B404203-19CD-40BB-938A-5C32F97857D9}.Release|Any CPU.Build.0 = Release|Any CPU
		{BBA8F8B6-957A-45DC-ADE4-00E5B5E0A67F}.Debug|Any CPU.ActiveCfg = Debug|Any CPU
		{BBA8F8B6-957A-45DC-ADE4-00E5B5E0A67F}.Debug|Any CPU.Build.0 = Debug|Any CPU
		{BBA8F8B6-957A-45DC-ADE4-00E5B5E0A67F}.Release|Any CPU.ActiveCfg = Release|Any CPU
		{BBA8F8B6-957A-45DC-ADE4-00E5B5E0A67F}.Release|Any CPU.Build.0 = Release|Any CPU
		{99EB7448-7A5F-42EE-9683-368B675ACED3}.Debug|Any CPU.ActiveCfg = Debug|Any CPU
		{99EB7448-7A5F-42EE-9683-368B675ACED3}.Debug|Any CPU.Build.0 = Debug|Any CPU
		{99EB7448-7A5F-42EE-9683-368B675ACED3}.Release|Any CPU.ActiveCfg = Release|Any CPU
		{99EB7448-7A5F-42EE-9683-368B675ACED3}.Release|Any CPU.Build.0 = Release|Any CPU
		{219D6D33-59B5-4567-BC23-7AC30BFD28D4}.Debug|Any CPU.ActiveCfg = Debug|Any CPU
		{219D6D33-59B5-4567-BC23-7AC30BFD28D4}.Debug|Any CPU.Build.0 = Debug|Any CPU
		{219D6D33-59B5-4567-BC23-7AC30BFD28D4}.Release|Any CPU.ActiveCfg = Release|Any CPU
		{219D6D33-59B5-4567-BC23-7AC30BFD28D4}.Release|Any CPU.Build.0 = Release|Any CPU
		{F0E698FB-9D35-49A0-BE2A-1DB29258EDF3}.Debug|Any CPU.ActiveCfg = Debug|Any CPU
		{F0E698FB-9D35-49A0-BE2A-1DB29258EDF3}.Debug|Any CPU.Build.0 = Debug|Any CPU
		{F0E698FB-9D35-49A0-BE2A-1DB29258EDF3}.Release|Any CPU.ActiveCfg = Release|Any CPU
		{F0E698FB-9D35-49A0-BE2A-1DB29258EDF3}.Release|Any CPU.Build.0 = Release|Any CPU
		{BCBF4124-8A18-4D07-B80C-10058FAC0632}.Debug|Any CPU.ActiveCfg = Debug|Any CPU
		{BCBF4124-8A18-4D07-B80C-10058FAC0632}.Debug|Any CPU.Build.0 = Debug|Any CPU
		{BCBF4124-8A18-4D07-B80C-10058FAC0632}.Release|Any CPU.ActiveCfg = Release|Any CPU
		{BCBF4124-8A18-4D07-B80C-10058FAC0632}.Release|Any CPU.Build.0 = Release|Any CPU
		{C8050C4C-609B-4FEF-A98F-09B83DD211FB}.Debug|Any CPU.ActiveCfg = Debug|Any CPU
		{C8050C4C-609B-4FEF-A98F-09B83DD211FB}.Debug|Any CPU.Build.0 = Debug|Any CPU
		{C8050C4C-609B-4FEF-A98F-09B83DD211FB}.Release|Any CPU.ActiveCfg = Release|Any CPU
		{C8050C4C-609B-4FEF-A98F-09B83DD211FB}.Release|Any CPU.Build.0 = Release|Any CPU
		{6986AB8B-8807-4605-A41F-439046E88B4B}.Debug|Any CPU.ActiveCfg = Debug|Any CPU
		{6986AB8B-8807-4605-A41F-439046E88B4B}.Debug|Any CPU.Build.0 = Debug|Any CPU
		{6986AB8B-8807-4605-A41F-439046E88B4B}.Release|Any CPU.ActiveCfg = Release|Any CPU
		{6986AB8B-8807-4605-A41F-439046E88B4B}.Release|Any CPU.Build.0 = Release|Any CPU
		{31137CC7-4B06-4749-AF08-D17FF910FD07}.Debug|Any CPU.ActiveCfg = Debug|Any CPU
		{31137CC7-4B06-4749-AF08-D17FF910FD07}.Debug|Any CPU.Build.0 = Debug|Any CPU
		{31137CC7-4B06-4749-AF08-D17FF910FD07}.Release|Any CPU.ActiveCfg = Release|Any CPU
		{31137CC7-4B06-4749-AF08-D17FF910FD07}.Release|Any CPU.Build.0 = Release|Any CPU
		{CF4F3D50-ED83-44CA-B30E-53E7C3DE1B3F}.Debug|Any CPU.ActiveCfg = Debug|Any CPU
		{CF4F3D50-ED83-44CA-B30E-53E7C3DE1B3F}.Debug|Any CPU.Build.0 = Debug|Any CPU
		{CF4F3D50-ED83-44CA-B30E-53E7C3DE1B3F}.Release|Any CPU.ActiveCfg = Release|Any CPU
		{CF4F3D50-ED83-44CA-B30E-53E7C3DE1B3F}.Release|Any CPU.Build.0 = Release|Any CPU
		{EF943102-AE44-421B-8866-8F19F00D9278}.Debug|Any CPU.ActiveCfg = Debug|Any CPU
		{EF943102-AE44-421B-8866-8F19F00D9278}.Debug|Any CPU.Build.0 = Debug|Any CPU
		{EF943102-AE44-421B-8866-8F19F00D9278}.Release|Any CPU.ActiveCfg = Release|Any CPU
		{EF943102-AE44-421B-8866-8F19F00D9278}.Release|Any CPU.Build.0 = Release|Any CPU
		{8E64F199-6D2B-4120-81EE-E29F6B232534}.Debug|Any CPU.ActiveCfg = Debug|Any CPU
		{8E64F199-6D2B-4120-81EE-E29F6B232534}.Debug|Any CPU.Build.0 = Debug|Any CPU
		{8E64F199-6D2B-4120-81EE-E29F6B232534}.Release|Any CPU.ActiveCfg = Release|Any CPU
		{8E64F199-6D2B-4120-81EE-E29F6B232534}.Release|Any CPU.Build.0 = Release|Any CPU
		{5FF2FB54-1F58-4F2D-BBD1-B2F9EE5E01C1}.Debug|Any CPU.ActiveCfg = Debug|Any CPU
		{5FF2FB54-1F58-4F2D-BBD1-B2F9EE5E01C1}.Debug|Any CPU.Build.0 = Debug|Any CPU
		{5FF2FB54-1F58-4F2D-BBD1-B2F9EE5E01C1}.Release|Any CPU.ActiveCfg = Release|Any CPU
		{5FF2FB54-1F58-4F2D-BBD1-B2F9EE5E01C1}.Release|Any CPU.Build.0 = Release|Any CPU
	EndGlobalSection
	GlobalSection(SolutionProperties) = preSolution
		HideSolutionNode = FALSE
	EndGlobalSection
	GlobalSection(NestedProjects) = preSolution
		{953D2B11-CC9C-4C88-A3F7-A43F8A1AC35E} = {58D3650F-167E-4958-AFF2-AB9734873DEE}
		{437595C8-B313-4A01-9D0A-34043369228B} = {58D3650F-167E-4958-AFF2-AB9734873DEE}
		{5BB39E0A-73EB-4FAC-A51C-88792F6B9072} = {58D3650F-167E-4958-AFF2-AB9734873DEE}
		{6B4431C5-30DE-4CC0-B229-046823A07A0F} = {58D3650F-167E-4958-AFF2-AB9734873DEE}
		{734D391A-C05F-4D0B-9ADC-B94FD64F6CE0} = {953D2B11-CC9C-4C88-A3F7-A43F8A1AC35E}
		{7F8D1E2C-EDC5-4544-9094-BD93AEDF82E1} = {953D2B11-CC9C-4C88-A3F7-A43F8A1AC35E}
		{0FA7D7EC-35ED-43ED-93F9-DBA62EAE0671} = {953D2B11-CC9C-4C88-A3F7-A43F8A1AC35E}
		{D68645D1-C2FA-4F3D-9CC4-A23AD7294A8C} = {6B4431C5-30DE-4CC0-B229-046823A07A0F}
		{ACB62477-E303-401C-8949-8A622829C6EF} = {5BB39E0A-73EB-4FAC-A51C-88792F6B9072}
		{D4109C16-EC2D-45B0-BC8A-A53175185332} = {437595C8-B313-4A01-9D0A-34043369228B}
		{E5E9DB28-7324-44C4-934B-8559356DBAC4} = {6B4431C5-30DE-4CC0-B229-046823A07A0F}
		{3A3F5CC7-5797-451B-A572-3C83CF54A73F} = {5BB39E0A-73EB-4FAC-A51C-88792F6B9072}
		{26A06AA0-7556-4367-BFB8-CC3F38DF5E56} = {437595C8-B313-4A01-9D0A-34043369228B}
		{06F7EAE3-7143-473E-9512-16C02C30FB34} = {6B4431C5-30DE-4CC0-B229-046823A07A0F}
		{D8812BFE-9401-4CDD-AF2C-E45B37448BA0} = {5BB39E0A-73EB-4FAC-A51C-88792F6B9072}
		{BD73761F-6626-4B0B-A289-8308569B9789} = {437595C8-B313-4A01-9D0A-34043369228B}
		{9A860565-BB2B-42B8-B151-8FA582064FA4} = {7F8D1E2C-EDC5-4544-9094-BD93AEDF82E1}
		{7A784F29-C005-4128-B363-3437510D028B} = {E5E9DB28-7324-44C4-934B-8559356DBAC4}
		{09B96180-C68B-47D7-8511-04AAE8F02CBF} = {3A3F5CC7-5797-451B-A572-3C83CF54A73F}
		{635F300B-E495-42B7-A6C5-50105CBC5B0D} = {26A06AA0-7556-4367-BFB8-CC3F38DF5E56}
		{FBF9967A-3FE4-4378-A180-DC85E766AD8D} = {C9EDBAAB-7B72-4E38-B33D-EE8D066B16F3}
		{6DDC6524-456E-473C-A6C0-17634397CA2C} = {C9EDBAAB-7B72-4E38-B33D-EE8D066B16F3}
		{9C8D0E20-1EF4-470A-BE5B-F0FC7C83DEE1} = {FBF9967A-3FE4-4378-A180-DC85E766AD8D}
		{0FB08264-F556-4974-96FF-EB3030A349CD} = {6DDC6524-456E-473C-A6C0-17634397CA2C}
		{C676138F-FC3D-4E8A-B53B-EF62EBBEBB19} = {0FA7D7EC-35ED-43ED-93F9-DBA62EAE0671}
		{137CE855-0C75-41F7-9ED3-D5F568D1FA2C} = {734D391A-C05F-4D0B-9ADC-B94FD64F6CE0}
		{9CE9FB47-6219-46E0-8C2A-DD02394EAF08} = {0FA7D7EC-35ED-43ED-93F9-DBA62EAE0671}
		{A15A8DF1-E502-4158-B829-8924B7A86DDC} = {C9EDBAAB-7B72-4E38-B33D-EE8D066B16F3}
		{49A99462-4508-413B-AA1B-48EAE4447BBB} = {A15A8DF1-E502-4158-B829-8924B7A86DDC}
		{BD8F6CB4-DF14-417A-BA4E-E7EA8D77C8E2} = {BD73761F-6626-4B0B-A289-8308569B9789}
		{FCEA7045-75C7-41EE-98B9-12BB11C7D2E9} = {BD73761F-6626-4B0B-A289-8308569B9789}
		{9BA62EC6-A43D-41A5-8CE1-858E222517EB} = {D4109C16-EC2D-45B0-BC8A-A53175185332}
		{E4359F96-3D14-499E-ABD5-A2FFD8B37146} = {D8812BFE-9401-4CDD-AF2C-E45B37448BA0}
		{D6CBAC8D-B87A-48CE-93CE-C67340DA560E} = {D8812BFE-9401-4CDD-AF2C-E45B37448BA0}
		{B8E96A80-D9D6-46C6-9F2C-D9DCEF51C584} = {ACB62477-E303-401C-8949-8A622829C6EF}
		{FA35011E-3B74-4C17-8DF5-A7B63BF926E4} = {06F7EAE3-7143-473E-9512-16C02C30FB34}
		{A818E746-9FDE-4215-B88A-EB75390F2B3A} = {06F7EAE3-7143-473E-9512-16C02C30FB34}
		{EF9FACC3-1735-41C5-9D5A-C7D0AA152C1B} = {58D3650F-167E-4958-AFF2-AB9734873DEE}
		{2C3150E3-CA7F-4E9D-AE1A-1F32F9B2C7AB} = {EF9FACC3-1735-41C5-9D5A-C7D0AA152C1B}
		{A74974E9-5D83-4BA7-9CAB-4ED1149E90CF} = {EF9FACC3-1735-41C5-9D5A-C7D0AA152C1B}
		{03A3AD72-6DE8-4709-BBA5-5BC2B9A0D7A2} = {EF9FACC3-1735-41C5-9D5A-C7D0AA152C1B}
		{E8A2E956-335A-45CF-8A85-1C38D97C2F0E} = {2C3150E3-CA7F-4E9D-AE1A-1F32F9B2C7AB}
		{4FC766A7-0619-468E-99FD-A0F29425B7C7} = {A74974E9-5D83-4BA7-9CAB-4ED1149E90CF}
		{1B404203-19CD-40BB-938A-5C32F97857D9} = {603F428D-E1F6-4987-863F-F68333008AD3}
		{BBA8F8B6-957A-45DC-ADE4-00E5B5E0A67F} = {603F428D-E1F6-4987-863F-F68333008AD3}
		{99EB7448-7A5F-42EE-9683-368B675ACED3} = {603F428D-E1F6-4987-863F-F68333008AD3}
		{219D6D33-59B5-4567-BC23-7AC30BFD28D4} = {603F428D-E1F6-4987-863F-F68333008AD3}
		{F0E698FB-9D35-49A0-BE2A-1DB29258EDF3} = {603F428D-E1F6-4987-863F-F68333008AD3}
		{BCBF4124-8A18-4D07-B80C-10058FAC0632} = {603F428D-E1F6-4987-863F-F68333008AD3}
		{603F428D-E1F6-4987-863F-F68333008AD3} = {58D3650F-167E-4958-AFF2-AB9734873DEE}
		{C8050C4C-609B-4FEF-A98F-09B83DD211FB} = {603F428D-E1F6-4987-863F-F68333008AD3}
		{6986AB8B-8807-4605-A41F-439046E88B4B} = {C209D27E-6CEF-47D9-927E-C136A3B5A3CD}
		{C209D27E-6CEF-47D9-927E-C136A3B5A3CD} = {6B4431C5-30DE-4CC0-B229-046823A07A0F}
		{31137CC7-4B06-4749-AF08-D17FF910FD07} = {A15A8DF1-E502-4158-B829-8924B7A86DDC}
		{CF4F3D50-ED83-44CA-B30E-53E7C3DE1B3F} = {D68645D1-C2FA-4F3D-9CC4-A23AD7294A8C}
		{EF943102-AE44-421B-8866-8F19F00D9278} = {C209D27E-6CEF-47D9-927E-C136A3B5A3CD}
		{8E64F199-6D2B-4120-81EE-E29F6B232534} = {6DDC6524-456E-473C-A6C0-17634397CA2C}
		{5FF2FB54-1F58-4F2D-BBD1-B2F9EE5E01C1} = {6DDC6524-456E-473C-A6C0-17634397CA2C}
	EndGlobalSection
	GlobalSection(ExtensibilityGlobals) = postSolution
		SolutionGuid = {285D8B8A-ECDA-4959-AD8F-0DED65D860B4}
	EndGlobalSection
EndGlobal
